
Microsoft Visual Studio Solution File, Format Version 12.00
# Visual Studio Version 17
VisualStudioVersion = 17.10.34902.84
MinimumVisualStudioVersion = 10.0.40219.1
Project("{9A19103F-16F7-4668-BE54-9A1E7A4F7556}") = "degisken", "degisken\degisken.csproj", "{D4ADA23B-D2A5-457F-A821-06F98490C028}"
EndProject
Project("{FAE04EC0-301F-11D3-BF4B-00C04F79EFBC}") = "Operatorler", "Operatorler\Operatorler.csproj", "{343AF8AD-CBEC-4FB0-AF3B-6FAC6E5403A3}"
EndProject
Project("{FAE04EC0-301F-11D3-BF4B-00C04F79EFBC}") = "TipDonusumleri", "TipDonusumleri\TipDonusumleri.csproj", "{F2599FE3-552E-45FB-8538-7F3FFB62BC0C}"
EndProject
Project("{FAE04EC0-301F-11D3-BF4B-00C04F79EFBC}") = "HataYonetimi", "HataYonetimi\HataYonetimi.csproj", "{BA6C6573-0BAD-413C-9A0B-68A7B4C3A66C}"
EndProject
Project("{FAE04EC0-301F-11D3-BF4B-00C04F79EFBC}") = "If-Else-If", "If-Else-If\If-Else-If.csproj", "{4001A902-6A7E-4F9D-82D8-80E4E3D318BE}"
EndProject
Project("{FAE04EC0-301F-11D3-BF4B-00C04F79EFBC}") = "Switch-Case", "Switch-Case\Switch-Case.csproj", "{9FADE576-8CDF-4B3F-A5D9-23A1CB9C370A}"
EndProject
Project("{FAE04EC0-301F-11D3-BF4B-00C04F79EFBC}") = "Donguler", "Donguler\Donguler.csproj", "{07BD5ACA-1A59-4EC4-ACD3-8B3CBE5279DF}"
EndProject
Global
	GlobalSection(SolutionConfigurationPlatforms) = preSolution
		Debug|Any CPU = Debug|Any CPU
		Release|Any CPU = Release|Any CPU
	EndGlobalSection
	GlobalSection(ProjectConfigurationPlatforms) = postSolution
		{D4ADA23B-D2A5-457F-A821-06F98490C028}.Debug|Any CPU.ActiveCfg = Debug|Any CPU
		{D4ADA23B-D2A5-457F-A821-06F98490C028}.Debug|Any CPU.Build.0 = Debug|Any CPU
		{D4ADA23B-D2A5-457F-A821-06F98490C028}.Release|Any CPU.ActiveCfg = Release|Any CPU
		{D4ADA23B-D2A5-457F-A821-06F98490C028}.Release|Any CPU.Build.0 = Release|Any CPU
		{343AF8AD-CBEC-4FB0-AF3B-6FAC6E5403A3}.Debug|Any CPU.ActiveCfg = Debug|Any CPU
		{343AF8AD-CBEC-4FB0-AF3B-6FAC6E5403A3}.Debug|Any CPU.Build.0 = Debug|Any CPU
		{343AF8AD-CBEC-4FB0-AF3B-6FAC6E5403A3}.Release|Any CPU.ActiveCfg = Release|Any CPU
		{343AF8AD-CBEC-4FB0-AF3B-6FAC6E5403A3}.Release|Any CPU.Build.0 = Release|Any CPU
		{F2599FE3-552E-45FB-8538-7F3FFB62BC0C}.Debug|Any CPU.ActiveCfg = Debug|Any CPU
		{F2599FE3-552E-45FB-8538-7F3FFB62BC0C}.Debug|Any CPU.Build.0 = Debug|Any CPU
		{F2599FE3-552E-45FB-8538-7F3FFB62BC0C}.Release|Any CPU.ActiveCfg = Release|Any CPU
		{F2599FE3-552E-45FB-8538-7F3FFB62BC0C}.Release|Any CPU.Build.0 = Release|Any CPU
		{BA6C6573-0BAD-413C-9A0B-68A7B4C3A66C}.Debug|Any CPU.ActiveCfg = Debug|Any CPU
		{BA6C6573-0BAD-413C-9A0B-68A7B4C3A66C}.Debug|Any CPU.Build.0 = Debug|Any CPU
		{BA6C6573-0BAD-413C-9A0B-68A7B4C3A66C}.Release|Any CPU.ActiveCfg = Release|Any CPU
		{BA6C6573-0BAD-413C-9A0B-68A7B4C3A66C}.Release|Any CPU.Build.0 = Release|Any CPU
		{4001A902-6A7E-4F9D-82D8-80E4E3D318BE}.Debug|Any CPU.ActiveCfg = Debug|Any CPU
		{4001A902-6A7E-4F9D-82D8-80E4E3D318BE}.Debug|Any CPU.Build.0 = Debug|Any CPU
		{4001A902-6A7E-4F9D-82D8-80E4E3D318BE}.Release|Any CPU.ActiveCfg = Release|Any CPU
		{4001A902-6A7E-4F9D-82D8-80E4E3D318BE}.Release|Any CPU.Build.0 = Release|Any CPU
		{9FADE576-8CDF-4B3F-A5D9-23A1CB9C370A}.Debug|Any CPU.ActiveCfg = Debug|Any CPU
		{9FADE576-8CDF-4B3F-A5D9-23A1CB9C370A}.Debug|Any CPU.Build.0 = Debug|Any CPU
		{9FADE576-8CDF-4B3F-A5D9-23A1CB9C370A}.Release|Any CPU.ActiveCfg = Release|Any CPU
		{9FADE576-8CDF-4B3F-A5D9-23A1CB9C370A}.Release|Any CPU.Build.0 = Release|Any CPU
		{07BD5ACA-1A59-4EC4-ACD3-8B3CBE5279DF}.Debug|Any CPU.ActiveCfg = Debug|Any CPU
		{07BD5ACA-1A59-4EC4-ACD3-8B3CBE5279DF}.Debug|Any CPU.Build.0 = Debug|Any CPU
		{07BD5ACA-1A59-4EC4-ACD3-8B3CBE5279DF}.Release|Any CPU.ActiveCfg = Release|Any CPU
		{07BD5ACA-1A59-4EC4-ACD3-8B3CBE5279DF}.Release|Any CPU.Build.0 = Release|Any CPU
	EndGlobalSection
	GlobalSection(SolutionProperties) = preSolution
		HideSolutionNode = FALSE
	EndGlobalSection
	GlobalSection(ExtensibilityGlobals) = postSolution
		SolutionGuid = {4A6226B6-EA6B-46A1-9416-B8DC824F899D}
	EndGlobalSection
EndGlobal
