
Microsoft Visual Studio Solution File, Format Version 12.00
# Visual Studio Version 17
VisualStudioVersion = 17.10.34902.84
MinimumVisualStudioVersion = 10.0.40219.1
Project("{9A19103F-16F7-4668-BE54-9A1E7A4F7556}") = "degisken", "degisken\degisken.csproj", "{D4ADA23B-D2A5-457F-A821-06F98490C028}"
EndProject
Project("{9A19103F-16F7-4668-BE54-9A1E7A4F7556}") = "Operatorler", "Operatorler\Operatorler.csproj", "{343AF8AD-CBEC-4FB0-AF3B-6FAC6E5403A3}"
EndProject
Project("{9A19103F-16F7-4668-BE54-9A1E7A4F7556}") = "TipDonusumleri", "TipDonusumleri\TipDonusumleri.csproj", "{F2599FE3-552E-45FB-8538-7F3FFB62BC0C}"
EndProject
Project("{9A19103F-16F7-4668-BE54-9A1E7A4F7556}") = "HataYonetimi", "HataYonetimi\HataYonetimi.csproj", "{BA6C6573-0BAD-413C-9A0B-68A7B4C3A66C}"
EndProject
Project("{9A19103F-16F7-4668-BE54-9A1E7A4F7556}") = "If-Else-If", "If-Else-If\If-Else-If.csproj", "{4001A902-6A7E-4F9D-82D8-80E4E3D318BE}"
EndProject
Project("{9A19103F-16F7-4668-BE54-9A1E7A4F7556}") = "Switch-Case", "Switch-Case\Switch-Case.csproj", "{9FADE576-8CDF-4B3F-A5D9-23A1CB9C370A}"
EndProject
Project("{9A19103F-16F7-4668-BE54-9A1E7A4F7556}") = "Donguler", "Donguler\Donguler.csproj", "{07BD5ACA-1A59-4EC4-ACD3-8B3CBE5279DF}"
EndProject
Project("{9A19103F-16F7-4668-BE54-9A1E7A4F7556}") = "Donguler-While-Foreach", "Donguler-While-Foreach\Donguler-While-Foreach.csproj", "{F96C9787-BE70-4421-A838-34D20DCC0927}"
EndProject
Project("{9A19103F-16F7-4668-BE54-9A1E7A4F7556}") = "Diziler", "Diziler\Diziler.csproj", "{05E5E78E-1E4E-4B88-A985-AB22A6ED5CA4}"
EndProject
Project("{9A19103F-16F7-4668-BE54-9A1E7A4F7556}") = "ArraySinifiMetodları", "ArraySinifiMetodları\ArraySinifiMetodları.csproj", "{E51A2FAC-CD9F-4438-A25C-BFC638E5E8A6}"
EndProject
Project("{9A19103F-16F7-4668-BE54-9A1E7A4F7556}") = "Metotlar", "Metotlar\Metotlar.csproj", "{E88AFE86-021C-491D-A244-8BC7B03F0C82}"
EndProject
Project("{9A19103F-16F7-4668-BE54-9A1E7A4F7556}") = "MetotlarOverloading", "MetotlarOverloading\MetotlarOverloading.csproj", "{44E14117-13D7-4990-A419-16E2D19BA904}"
EndProject
Project("{9A19103F-16F7-4668-BE54-9A1E7A4F7556}") = "RecursiveExtensionMetotlar", "RecursiveExtensionMetotlar\RecursiveExtensionMetotlar.csproj", "{717B11A7-213C-4FDC-B489-97EBAD2A5A2B}"
EndProject
Project("{9A19103F-16F7-4668-BE54-9A1E7A4F7556}") = "HazirMetotLarString", "HazirMetotLarString\HazirMetotLarString.csproj", "{DC042044-2399-4DD6-9B72-D37E90FFC87F}"
EndProject
Project("{9A19103F-16F7-4668-BE54-9A1E7A4F7556}") = "HazirMetotlarDateTime", "HazirMetotlarDateTime\HazirMetotlarDateTime.csproj", "{2FDD55E1-ACC6-4BA2-B673-EF521A9B1303}"
EndProject
Project("{FAE04EC0-301F-11D3-BF4B-00C04F79EFBC}") = "GenericList", "GenericList\GenericList.csproj", "{8F29D7E4-E47C-4029-8DA9-EE2637136361}"
EndProject
Global
	GlobalSection(SolutionConfigurationPlatforms) = preSolution
		Debug|Any CPU = Debug|Any CPU
		Release|Any CPU = Release|Any CPU
	EndGlobalSection
	GlobalSection(ProjectConfigurationPlatforms) = postSolution
		{D4ADA23B-D2A5-457F-A821-06F98490C028}.Debug|Any CPU.ActiveCfg = Debug|Any CPU
		{D4ADA23B-D2A5-457F-A821-06F98490C028}.Debug|Any CPU.Build.0 = Debug|Any CPU
		{D4ADA23B-D2A5-457F-A821-06F98490C028}.Release|Any CPU.ActiveCfg = Release|Any CPU
		{D4ADA23B-D2A5-457F-A821-06F98490C028}.Release|Any CPU.Build.0 = Release|Any CPU
		{343AF8AD-CBEC-4FB0-AF3B-6FAC6E5403A3}.Debug|Any CPU.ActiveCfg = Debug|Any CPU
		{343AF8AD-CBEC-4FB0-AF3B-6FAC6E5403A3}.Debug|Any CPU.Build.0 = Debug|Any CPU
		{343AF8AD-CBEC-4FB0-AF3B-6FAC6E5403A3}.Release|Any CPU.ActiveCfg = Release|Any CPU
		{343AF8AD-CBEC-4FB0-AF3B-6FAC6E5403A3}.Release|Any CPU.Build.0 = Release|Any CPU
		{F2599FE3-552E-45FB-8538-7F3FFB62BC0C}.Debug|Any CPU.ActiveCfg = Debug|Any CPU
		{F2599FE3-552E-45FB-8538-7F3FFB62BC0C}.Debug|Any CPU.Build.0 = Debug|Any CPU
		{F2599FE3-552E-45FB-8538-7F3FFB62BC0C}.Release|Any CPU.ActiveCfg = Release|Any CPU
		{F2599FE3-552E-45FB-8538-7F3FFB62BC0C}.Release|Any CPU.Build.0 = Release|Any CPU
		{BA6C6573-0BAD-413C-9A0B-68A7B4C3A66C}.Debug|Any CPU.ActiveCfg = Debug|Any CPU
		{BA6C6573-0BAD-413C-9A0B-68A7B4C3A66C}.Debug|Any CPU.Build.0 = Debug|Any CPU
		{BA6C6573-0BAD-413C-9A0B-68A7B4C3A66C}.Release|Any CPU.ActiveCfg = Release|Any CPU
		{BA6C6573-0BAD-413C-9A0B-68A7B4C3A66C}.Release|Any CPU.Build.0 = Release|Any CPU
		{4001A902-6A7E-4F9D-82D8-80E4E3D318BE}.Debug|Any CPU.ActiveCfg = Debug|Any CPU
		{4001A902-6A7E-4F9D-82D8-80E4E3D318BE}.Debug|Any CPU.Build.0 = Debug|Any CPU
		{4001A902-6A7E-4F9D-82D8-80E4E3D318BE}.Release|Any CPU.ActiveCfg = Release|Any CPU
		{4001A902-6A7E-4F9D-82D8-80E4E3D318BE}.Release|Any CPU.Build.0 = Release|Any CPU
		{9FADE576-8CDF-4B3F-A5D9-23A1CB9C370A}.Debug|Any CPU.ActiveCfg = Debug|Any CPU
		{9FADE576-8CDF-4B3F-A5D9-23A1CB9C370A}.Debug|Any CPU.Build.0 = Debug|Any CPU
		{9FADE576-8CDF-4B3F-A5D9-23A1CB9C370A}.Release|Any CPU.ActiveCfg = Release|Any CPU
		{9FADE576-8CDF-4B3F-A5D9-23A1CB9C370A}.Release|Any CPU.Build.0 = Release|Any CPU
		{07BD5ACA-1A59-4EC4-ACD3-8B3CBE5279DF}.Debug|Any CPU.ActiveCfg = Debug|Any CPU
		{07BD5ACA-1A59-4EC4-ACD3-8B3CBE5279DF}.Debug|Any CPU.Build.0 = Debug|Any CPU
		{07BD5ACA-1A59-4EC4-ACD3-8B3CBE5279DF}.Release|Any CPU.ActiveCfg = Release|Any CPU
		{07BD5ACA-1A59-4EC4-ACD3-8B3CBE5279DF}.Release|Any CPU.Build.0 = Release|Any CPU
		{F96C9787-BE70-4421-A838-34D20DCC0927}.Debug|Any CPU.ActiveCfg = Debug|Any CPU
		{F96C9787-BE70-4421-A838-34D20DCC0927}.Debug|Any CPU.Build.0 = Debug|Any CPU
		{F96C9787-BE70-4421-A838-34D20DCC0927}.Release|Any CPU.ActiveCfg = Release|Any CPU
		{F96C9787-BE70-4421-A838-34D20DCC0927}.Release|Any CPU.Build.0 = Release|Any CPU
		{05E5E78E-1E4E-4B88-A985-AB22A6ED5CA4}.Debug|Any CPU.ActiveCfg = Debug|Any CPU
		{05E5E78E-1E4E-4B88-A985-AB22A6ED5CA4}.Debug|Any CPU.Build.0 = Debug|Any CPU
		{05E5E78E-1E4E-4B88-A985-AB22A6ED5CA4}.Release|Any CPU.ActiveCfg = Release|Any CPU
		{05E5E78E-1E4E-4B88-A985-AB22A6ED5CA4}.Release|Any CPU.Build.0 = Release|Any CPU
		{E51A2FAC-CD9F-4438-A25C-BFC638E5E8A6}.Debug|Any CPU.ActiveCfg = Debug|Any CPU
		{E51A2FAC-CD9F-4438-A25C-BFC638E5E8A6}.Debug|Any CPU.Build.0 = Debug|Any CPU
		{E51A2FAC-CD9F-4438-A25C-BFC638E5E8A6}.Release|Any CPU.ActiveCfg = Release|Any CPU
		{E51A2FAC-CD9F-4438-A25C-BFC638E5E8A6}.Release|Any CPU.Build.0 = Release|Any CPU
		{E88AFE86-021C-491D-A244-8BC7B03F0C82}.Debug|Any CPU.ActiveCfg = Debug|Any CPU
		{E88AFE86-021C-491D-A244-8BC7B03F0C82}.Debug|Any CPU.Build.0 = Debug|Any CPU
		{E88AFE86-021C-491D-A244-8BC7B03F0C82}.Release|Any CPU.ActiveCfg = Release|Any CPU
		{E88AFE86-021C-491D-A244-8BC7B03F0C82}.Release|Any CPU.Build.0 = Release|Any CPU
		{44E14117-13D7-4990-A419-16E2D19BA904}.Debug|Any CPU.ActiveCfg = Debug|Any CPU
		{44E14117-13D7-4990-A419-16E2D19BA904}.Debug|Any CPU.Build.0 = Debug|Any CPU
		{44E14117-13D7-4990-A419-16E2D19BA904}.Release|Any CPU.ActiveCfg = Release|Any CPU
		{44E14117-13D7-4990-A419-16E2D19BA904}.Release|Any CPU.Build.0 = Release|Any CPU
		{717B11A7-213C-4FDC-B489-97EBAD2A5A2B}.Debug|Any CPU.ActiveCfg = Debug|Any CPU
		{717B11A7-213C-4FDC-B489-97EBAD2A5A2B}.Debug|Any CPU.Build.0 = Debug|Any CPU
		{717B11A7-213C-4FDC-B489-97EBAD2A5A2B}.Release|Any CPU.ActiveCfg = Release|Any CPU
		{717B11A7-213C-4FDC-B489-97EBAD2A5A2B}.Release|Any CPU.Build.0 = Release|Any CPU
		{DC042044-2399-4DD6-9B72-D37E90FFC87F}.Debug|Any CPU.ActiveCfg = Debug|Any CPU
		{DC042044-2399-4DD6-9B72-D37E90FFC87F}.Debug|Any CPU.Build.0 = Debug|Any CPU
		{DC042044-2399-4DD6-9B72-D37E90FFC87F}.Release|Any CPU.ActiveCfg = Release|Any CPU
		{DC042044-2399-4DD6-9B72-D37E90FFC87F}.Release|Any CPU.Build.0 = Release|Any CPU
		{2FDD55E1-ACC6-4BA2-B673-EF521A9B1303}.Debug|Any CPU.ActiveCfg = Debug|Any CPU
		{2FDD55E1-ACC6-4BA2-B673-EF521A9B1303}.Debug|Any CPU.Build.0 = Debug|Any CPU
		{2FDD55E1-ACC6-4BA2-B673-EF521A9B1303}.Release|Any CPU.ActiveCfg = Release|Any CPU
		{2FDD55E1-ACC6-4BA2-B673-EF521A9B1303}.Release|Any CPU.Build.0 = Release|Any CPU
		{8F29D7E4-E47C-4029-8DA9-EE2637136361}.Debug|Any CPU.ActiveCfg = Debug|Any CPU
		{8F29D7E4-E47C-4029-8DA9-EE2637136361}.Debug|Any CPU.Build.0 = Debug|Any CPU
		{8F29D7E4-E47C-4029-8DA9-EE2637136361}.Release|Any CPU.ActiveCfg = Release|Any CPU
		{8F29D7E4-E47C-4029-8DA9-EE2637136361}.Release|Any CPU.Build.0 = Release|Any CPU
	EndGlobalSection
	GlobalSection(SolutionProperties) = preSolution
		HideSolutionNode = FALSE
	EndGlobalSection
	GlobalSection(ExtensibilityGlobals) = postSolution
		SolutionGuid = {4A6226B6-EA6B-46A1-9416-B8DC824F899D}
	EndGlobalSection
EndGlobal
